
Microsoft Visual Studio Solution File, Format Version 12.00
# Visual Studio Version 16
VisualStudioVersion = 16.0.33927.289
MinimumVisualStudioVersion = 10.0.40219.1
Project("{FAE04EC0-301F-11D3-BF4B-00C04F79EFBC}") = "Yartalis", "Yartalis.csproj", "{14086B95-A68F-47A8-8E53-1D8C91D740FC}"
EndProject
Global
	GlobalSection(SolutionConfigurationPlatforms) = preSolution
		Debug|Any CPU = Debug|Any CPU
		Debug|x64 = Debug|x64
		Debug|x86 = Debug|x86
		Release|Any CPU = Release|Any CPU
		Release|x64 = Release|x64
		Release|x86 = Release|x86
	EndGlobalSection
	GlobalSection(ProjectConfigurationPlatforms) = postSolution
		{14086B95-A68F-47A8-8E53-1D8C91D740FC}.Debug|Any CPU.ActiveCfg = Debug|Any CPU
		{14086B95-A68F-47A8-8E53-1D8C91D740FC}.Debug|Any CPU.Build.0 = Debug|Any CPU
		{14086B95-A68F-47A8-8E53-1D8C91D740FC}.Debug|x64.ActiveCfg = Debug|x64
		{14086B95-A68F-47A8-8E53-1D8C91D740FC}.Debug|x64.Build.0 = Debug|x64
		{14086B95-A68F-47A8-8E53-1D8C91D740FC}.Debug|x86.ActiveCfg = Debug|x86
		{14086B95-A68F-47A8-8E53-1D8C91D740FC}.Debug|x86.Build.0 = Debug|x86
		{14086B95-A68F-47A8-8E53-1D8C91D740FC}.Release|Any CPU.ActiveCfg = Release|Any CPU
		{14086B95-A68F-47A8-8E53-1D8C91D740FC}.Release|Any CPU.Build.0 = Release|Any CPU
		{14086B95-A68F-47A8-8E53-1D8C91D740FC}.Release|x64.ActiveCfg = Release|x64
		{14086B95-A68F-47A8-8E53-1D8C91D740FC}.Release|x64.Build.0 = Release|x64
		{14086B95-A68F-47A8-8E53-1D8C91D740FC}.Release|x86.ActiveCfg = Release|x86
		{14086B95-A68F-47A8-8E53-1D8C91D740FC}.Release|x86.Build.0 = Release|x86
	EndGlobalSection
	GlobalSection(SolutionProperties) = preSolution
		HideSolutionNode = FALSE
	EndGlobalSection
	GlobalSection(ExtensibilityGlobals) = postSolution
		SolutionGuid = {BC46BF95-158C-404D-8882-FAC84A8316EE}
	EndGlobalSection
EndGlobal
